
Microsoft Visual Studio Solution File, Format Version 12.00
# Visual Studio Version 18
VisualStudioVersion = 18.1.11312.151 d18.0
MinimumVisualStudioVersion = 10.0.40219.1
Project("{9A19103F-16F7-4668-BE54-9A1E7A4F7556}") = "RomanToInteger", "RomanToInteger\RomanToInteger.csproj", "{97725907-5666-47E9-ACC4-1675370F510F}"
EndProject
Project("{9A19103F-16F7-4668-BE54-9A1E7A4F7556}") = "Datastruture", "Datastruture\Datastruture.csproj", "{74F6429F-7251-40C0-A0A1-2CB905088F65}"
EndProject
Project("{9A19103F-16F7-4668-BE54-9A1E7A4F7556}") = "RemoveNthNodeFromEndOfList", "RemoveNthNodeFromEndOfList\RemoveNthNodeFromEndOfList.csproj", "{9890E59B-56AA-43DB-983C-6C9F886F6F24}"
EndProject
Project("{9A19103F-16F7-4668-BE54-9A1E7A4F7556}") = "ValidateBinarySearchTree", "ValidateBinarySearchTree\ValidateBinarySearchTree.csproj", "{A0ED7774-7EAE-45F5-9E72-8363C5053F66}"
EndProject
Project("{9A19103F-16F7-4668-BE54-9A1E7A4F7556}") = "TwoSum", "TwoSum\TwoSum.csproj", "{FCD5BB70-6CB8-4AE8-81A0-8AEC5CD8157B}"
EndProject
Project("{9A19103F-16F7-4668-BE54-9A1E7A4F7556}") = "BestTimeToBuyAndSellStock", "BestTimeToBuyAndSellStock\BestTimeToBuyAndSellStock.csproj", "{9BF61080-EBC5-481F-9DB9-4E3DE3B1AD3A}"
EndProject
Project("{9A19103F-16F7-4668-BE54-9A1E7A4F7556}") = "ContainsDuplicate", "ContainsDuplicate\ContainsDuplicate.csproj", "{0B9D128A-B732-4A9F-AAE8-80EA79D6F3D4}"
EndProject
Project("{9A19103F-16F7-4668-BE54-9A1E7A4F7556}") = "ProductOfArrayExceptSelf", "ProductOfArrayExceptSelf\ProductOfArrayExceptSelf.csproj", "{949AECEC-81C0-4B33-B222-7A4EE0DEC5F0}"
EndProject
Project("{9A19103F-16F7-4668-BE54-9A1E7A4F7556}") = "MaximumSubarray", "MaximumSubarray\MaximumSubarray.csproj", "{8EB900C5-EACE-4EA1-9575-5435665406D0}"
EndProject
Project("{9A19103F-16F7-4668-BE54-9A1E7A4F7556}") = "ValidParentheses", "ValidParentheses\ValidParentheses.csproj", "{D4A4FE4D-DC0D-4DAD-A06B-4785E8852CB3}"
EndProject
Project("{9A19103F-16F7-4668-BE54-9A1E7A4F7556}") = "IntegerToRoman", "IntegerToRoman\IntegerToRoman.csproj", "{0EA47852-AB85-41CC-9B3A-6833238AF549}"
EndProject
Project("{9A19103F-16F7-4668-BE54-9A1E7A4F7556}") = "UniqueBinarySearchTrees", "UniqueBinarySearchTrees\UniqueBinarySearchTrees.csproj", "{6666D2DB-FF69-4C05-BC89-89FDDF9580E6}"
EndProject
Project("{9A19103F-16F7-4668-BE54-9A1E7A4F7556}") = "MaximumProductSubarray", "MaximumProductSubarray\MaximumProductSubarray.csproj", "{1E839754-4FA2-4270-9888-6819E309FFD5}"
EndProject
Project("{9A19103F-16F7-4668-BE54-9A1E7A4F7556}") = "FindMinimumInRotatedSortedArray", "FindMinimumInRotatedSortedArray\FindMinimumInRotatedSortedArray.csproj", "{43B01C55-6592-4BE7-A142-90982FC99322}"
EndProject
Project("{9A19103F-16F7-4668-BE54-9A1E7A4F7556}") = "KthSmallestElementInABST", "KthSmallestElementInABST\KthSmallestElementInABST.csproj", "{84C40DF0-44C3-4FC7-B09E-203A9C2105BA}"
EndProject
Project("{9A19103F-16F7-4668-BE54-9A1E7A4F7556}") = "LowestCommonAncestorOfABinarySearchTree", "LowestCommonAncestorOfABinarySearchTree\LowestCommonAncestorOfABinarySearchTree.csproj", "{ACCF2D97-375F-48D7-9CE9-E866A25C06AF}"
EndProject
Project("{9A19103F-16F7-4668-BE54-9A1E7A4F7556}") = "4Sum", "4Sum\4Sum.csproj", "{1BF58A7C-69CF-4105-BCF6-01DF6137DA38}"
EndProject
Project("{9A19103F-16F7-4668-BE54-9A1E7A4F7556}") = "3Sum", "3Sum\3Sum.csproj", "{04C27EB8-126F-4A05-BD91-70485BC9E994}"
EndProject
Project("{9A19103F-16F7-4668-BE54-9A1E7A4F7556}") = "ValidPalindrome", "ValidPalindrome\ValidPalindrome.csproj", "{FF924E77-155F-413C-AB46-C0F6EA96B69D}"
EndProject
Project("{9A19103F-16F7-4668-BE54-9A1E7A4F7556}") = "ClimbingStairs", "ClimbingStairs\ClimbingStairs.csproj", "{EC24C204-ABF3-464F-B3FD-7A69D7E76E3C}"
EndProject
Project("{9A19103F-16F7-4668-BE54-9A1E7A4F7556}") = "CoinChange", "CoinChange\CoinChange.csproj", "{79C695FA-3EFA-46E0-BEFD-AD891B80A60C}"
EndProject
Project("{9A19103F-16F7-4668-BE54-9A1E7A4F7556}") = "SearchInsertPosition", "SearchInsertPosition\SearchInsertPosition.csproj", "{D58DC947-AF85-43C3-A768-66306DD74D51}"
EndProject
Project("{9A19103F-16F7-4668-BE54-9A1E7A4F7556}") = "SymmetricTree", "SymmetricTree\SymmetricTree.csproj", "{9EA75E33-065E-4491-A557-BEE855324B80}"
EndProject
Project("{9A19103F-16F7-4668-BE54-9A1E7A4F7556}") = "MergeSortedArray", "MergeSortedArray\MergeSortedArray.csproj", "{9DC045EC-5971-4C87-A552-CD15ED45D37D}"
EndProject
Project("{9A19103F-16F7-4668-BE54-9A1E7A4F7556}") = "GuessNumberHigherOrLower", "GuessNumberHigherOrLower\GuessNumberHigherOrLower.csproj", "{143631EA-F44D-409A-8282-4E34B137A75E}"
EndProject
Project("{9A19103F-16F7-4668-BE54-9A1E7A4F7556}") = "GuessNumberHigherOrLowerII", "GuessNumberHigherOrLowerII\GuessNumberHigherOrLowerII.csproj", "{2DB710A4-C363-4642-96CA-8DB641117AA2}"
EndProject
Project("{9A19103F-16F7-4668-BE54-9A1E7A4F7556}") = "GenerateParentheses", "GenerateParentheses\GenerateParentheses.csproj", "{CBE10820-C603-4F29-A47E-E78FE24D04BD}"
EndProject
Project("{9A19103F-16F7-4668-BE54-9A1E7A4F7556}") = "FindTheIndexOfTheFirstOccurrenceInAString", "FindTheIndexOfTheFirstOccurrenceInAString\FindTheIndexOfTheFirstOccurrenceInAString.csproj", "{CDA1C040-5A06-4B89-8EF5-4DCA79F4C7C4}"
EndProject
Project("{9A19103F-16F7-4668-BE54-9A1E7A4F7556}") = "LetterCombinationsOfAPhoneNumber", "LetterCombinationsOfAPhoneNumber\LetterCombinationsOfAPhoneNumber.csproj", "{B2CBB9F1-6FD6-4E83-8161-CF02BD8B1D08}"
EndProject
Project("{9A19103F-16F7-4668-BE54-9A1E7A4F7556}") = "FindFirstAndLastPositionOfElementInSortedArray", "FindFirstAndLastPositionOfElementInSortedArray\FindFirstAndLastPositionOfElementInSortedArray.csproj", "{B04C9659-33B0-4B9E-A300-80924D46CE0C}"
EndProject
Project("{FAE04EC0-301F-11D3-BF4B-00C04F79EFBC}") = "ValidSudoku", "ValidSudoku\ValidSudoku.csproj", "{EB0909B2-EFA6-4955-9890-13C0CB88964F}"
EndProject
Project("{FAE04EC0-301F-11D3-BF4B-00C04F79EFBC}") = "NumberOfIslands", "NumberOfIslands\NumberOfIslands.csproj", "{0F6779C5-C3FB-4A87-8251-4B638B305925}"
EndProject
Global
	GlobalSection(SolutionConfigurationPlatforms) = preSolution
		Debug|Any CPU = Debug|Any CPU
		Debug|x64 = Debug|x64
		Debug|x86 = Debug|x86
		Release|Any CPU = Release|Any CPU
		Release|x64 = Release|x64
		Release|x86 = Release|x86
	EndGlobalSection
	GlobalSection(ProjectConfigurationPlatforms) = postSolution
		{97725907-5666-47E9-ACC4-1675370F510F}.Debug|Any CPU.ActiveCfg = Debug|Any CPU
		{97725907-5666-47E9-ACC4-1675370F510F}.Debug|Any CPU.Build.0 = Debug|Any CPU
		{97725907-5666-47E9-ACC4-1675370F510F}.Debug|x64.ActiveCfg = Debug|Any CPU
		{97725907-5666-47E9-ACC4-1675370F510F}.Debug|x64.Build.0 = Debug|Any CPU
		{97725907-5666-47E9-ACC4-1675370F510F}.Debug|x86.ActiveCfg = Debug|Any CPU
		{97725907-5666-47E9-ACC4-1675370F510F}.Debug|x86.Build.0 = Debug|Any CPU
		{97725907-5666-47E9-ACC4-1675370F510F}.Release|Any CPU.ActiveCfg = Release|Any CPU
		{97725907-5666-47E9-ACC4-1675370F510F}.Release|Any CPU.Build.0 = Release|Any CPU
		{97725907-5666-47E9-ACC4-1675370F510F}.Release|x64.ActiveCfg = Release|Any CPU
		{97725907-5666-47E9-ACC4-1675370F510F}.Release|x64.Build.0 = Release|Any CPU
		{97725907-5666-47E9-ACC4-1675370F510F}.Release|x86.ActiveCfg = Release|Any CPU
		{97725907-5666-47E9-ACC4-1675370F510F}.Release|x86.Build.0 = Release|Any CPU
		{74F6429F-7251-40C0-A0A1-2CB905088F65}.Debug|Any CPU.ActiveCfg = Debug|Any CPU
		{74F6429F-7251-40C0-A0A1-2CB905088F65}.Debug|Any CPU.Build.0 = Debug|Any CPU
		{74F6429F-7251-40C0-A0A1-2CB905088F65}.Debug|x64.ActiveCfg = Debug|Any CPU
		{74F6429F-7251-40C0-A0A1-2CB905088F65}.Debug|x64.Build.0 = Debug|Any CPU
		{74F6429F-7251-40C0-A0A1-2CB905088F65}.Debug|x86.ActiveCfg = Debug|Any CPU
		{74F6429F-7251-40C0-A0A1-2CB905088F65}.Debug|x86.Build.0 = Debug|Any CPU
		{74F6429F-7251-40C0-A0A1-2CB905088F65}.Release|Any CPU.ActiveCfg = Release|Any CPU
		{74F6429F-7251-40C0-A0A1-2CB905088F65}.Release|Any CPU.Build.0 = Release|Any CPU
		{74F6429F-7251-40C0-A0A1-2CB905088F65}.Release|x64.ActiveCfg = Release|Any CPU
		{74F6429F-7251-40C0-A0A1-2CB905088F65}.Release|x64.Build.0 = Release|Any CPU
		{74F6429F-7251-40C0-A0A1-2CB905088F65}.Release|x86.ActiveCfg = Release|Any CPU
		{74F6429F-7251-40C0-A0A1-2CB905088F65}.Release|x86.Build.0 = Release|Any CPU
		{9890E59B-56AA-43DB-983C-6C9F886F6F24}.Debug|Any CPU.ActiveCfg = Debug|Any CPU
		{9890E59B-56AA-43DB-983C-6C9F886F6F24}.Debug|Any CPU.Build.0 = Debug|Any CPU
		{9890E59B-56AA-43DB-983C-6C9F886F6F24}.Debug|x64.ActiveCfg = Debug|Any CPU
		{9890E59B-56AA-43DB-983C-6C9F886F6F24}.Debug|x64.Build.0 = Debug|Any CPU
		{9890E59B-56AA-43DB-983C-6C9F886F6F24}.Debug|x86.ActiveCfg = Debug|Any CPU
		{9890E59B-56AA-43DB-983C-6C9F886F6F24}.Debug|x86.Build.0 = Debug|Any CPU
		{9890E59B-56AA-43DB-983C-6C9F886F6F24}.Release|Any CPU.ActiveCfg = Release|Any CPU
		{9890E59B-56AA-43DB-983C-6C9F886F6F24}.Release|Any CPU.Build.0 = Release|Any CPU
		{9890E59B-56AA-43DB-983C-6C9F886F6F24}.Release|x64.ActiveCfg = Release|Any CPU
		{9890E59B-56AA-43DB-983C-6C9F886F6F24}.Release|x64.Build.0 = Release|Any CPU
		{9890E59B-56AA-43DB-983C-6C9F886F6F24}.Release|x86.ActiveCfg = Release|Any CPU
		{9890E59B-56AA-43DB-983C-6C9F886F6F24}.Release|x86.Build.0 = Release|Any CPU
		{A0ED7774-7EAE-45F5-9E72-8363C5053F66}.Debug|Any CPU.ActiveCfg = Debug|Any CPU
		{A0ED7774-7EAE-45F5-9E72-8363C5053F66}.Debug|Any CPU.Build.0 = Debug|Any CPU
		{A0ED7774-7EAE-45F5-9E72-8363C5053F66}.Debug|x64.ActiveCfg = Debug|Any CPU
		{A0ED7774-7EAE-45F5-9E72-8363C5053F66}.Debug|x64.Build.0 = Debug|Any CPU
		{A0ED7774-7EAE-45F5-9E72-8363C5053F66}.Debug|x86.ActiveCfg = Debug|Any CPU
		{A0ED7774-7EAE-45F5-9E72-8363C5053F66}.Debug|x86.Build.0 = Debug|Any CPU
		{A0ED7774-7EAE-45F5-9E72-8363C5053F66}.Release|Any CPU.ActiveCfg = Release|Any CPU
		{A0ED7774-7EAE-45F5-9E72-8363C5053F66}.Release|Any CPU.Build.0 = Release|Any CPU
		{A0ED7774-7EAE-45F5-9E72-8363C5053F66}.Release|x64.ActiveCfg = Release|Any CPU
		{A0ED7774-7EAE-45F5-9E72-8363C5053F66}.Release|x64.Build.0 = Release|Any CPU
		{A0ED7774-7EAE-45F5-9E72-8363C5053F66}.Release|x86.ActiveCfg = Release|Any CPU
		{A0ED7774-7EAE-45F5-9E72-8363C5053F66}.Release|x86.Build.0 = Release|Any CPU
		{FCD5BB70-6CB8-4AE8-81A0-8AEC5CD8157B}.Debug|Any CPU.ActiveCfg = Debug|Any CPU
		{FCD5BB70-6CB8-4AE8-81A0-8AEC5CD8157B}.Debug|Any CPU.Build.0 = Debug|Any CPU
		{FCD5BB70-6CB8-4AE8-81A0-8AEC5CD8157B}.Debug|x64.ActiveCfg = Debug|Any CPU
		{FCD5BB70-6CB8-4AE8-81A0-8AEC5CD8157B}.Debug|x64.Build.0 = Debug|Any CPU
		{FCD5BB70-6CB8-4AE8-81A0-8AEC5CD8157B}.Debug|x86.ActiveCfg = Debug|Any CPU
		{FCD5BB70-6CB8-4AE8-81A0-8AEC5CD8157B}.Debug|x86.Build.0 = Debug|Any CPU
		{FCD5BB70-6CB8-4AE8-81A0-8AEC5CD8157B}.Release|Any CPU.ActiveCfg = Release|Any CPU
		{FCD5BB70-6CB8-4AE8-81A0-8AEC5CD8157B}.Release|Any CPU.Build.0 = Release|Any CPU
		{FCD5BB70-6CB8-4AE8-81A0-8AEC5CD8157B}.Release|x64.ActiveCfg = Release|Any CPU
		{FCD5BB70-6CB8-4AE8-81A0-8AEC5CD8157B}.Release|x64.Build.0 = Release|Any CPU
		{FCD5BB70-6CB8-4AE8-81A0-8AEC5CD8157B}.Release|x86.ActiveCfg = Release|Any CPU
		{FCD5BB70-6CB8-4AE8-81A0-8AEC5CD8157B}.Release|x86.Build.0 = Release|Any CPU
		{9BF61080-EBC5-481F-9DB9-4E3DE3B1AD3A}.Debug|Any CPU.ActiveCfg = Debug|Any CPU
		{9BF61080-EBC5-481F-9DB9-4E3DE3B1AD3A}.Debug|Any CPU.Build.0 = Debug|Any CPU
		{9BF61080-EBC5-481F-9DB9-4E3DE3B1AD3A}.Debug|x64.ActiveCfg = Debug|Any CPU
		{9BF61080-EBC5-481F-9DB9-4E3DE3B1AD3A}.Debug|x64.Build.0 = Debug|Any CPU
		{9BF61080-EBC5-481F-9DB9-4E3DE3B1AD3A}.Debug|x86.ActiveCfg = Debug|Any CPU
		{9BF61080-EBC5-481F-9DB9-4E3DE3B1AD3A}.Debug|x86.Build.0 = Debug|Any CPU
		{9BF61080-EBC5-481F-9DB9-4E3DE3B1AD3A}.Release|Any CPU.ActiveCfg = Release|Any CPU
		{9BF61080-EBC5-481F-9DB9-4E3DE3B1AD3A}.Release|Any CPU.Build.0 = Release|Any CPU
		{9BF61080-EBC5-481F-9DB9-4E3DE3B1AD3A}.Release|x64.ActiveCfg = Release|Any CPU
		{9BF61080-EBC5-481F-9DB9-4E3DE3B1AD3A}.Release|x64.Build.0 = Release|Any CPU
		{9BF61080-EBC5-481F-9DB9-4E3DE3B1AD3A}.Release|x86.ActiveCfg = Release|Any CPU
		{9BF61080-EBC5-481F-9DB9-4E3DE3B1AD3A}.Release|x86.Build.0 = Release|Any CPU
		{0B9D128A-B732-4A9F-AAE8-80EA79D6F3D4}.Debug|Any CPU.ActiveCfg = Debug|Any CPU
		{0B9D128A-B732-4A9F-AAE8-80EA79D6F3D4}.Debug|Any CPU.Build.0 = Debug|Any CPU
		{0B9D128A-B732-4A9F-AAE8-80EA79D6F3D4}.Debug|x64.ActiveCfg = Debug|Any CPU
		{0B9D128A-B732-4A9F-AAE8-80EA79D6F3D4}.Debug|x64.Build.0 = Debug|Any CPU
		{0B9D128A-B732-4A9F-AAE8-80EA79D6F3D4}.Debug|x86.ActiveCfg = Debug|Any CPU
		{0B9D128A-B732-4A9F-AAE8-80EA79D6F3D4}.Debug|x86.Build.0 = Debug|Any CPU
		{0B9D128A-B732-4A9F-AAE8-80EA79D6F3D4}.Release|Any CPU.ActiveCfg = Release|Any CPU
		{0B9D128A-B732-4A9F-AAE8-80EA79D6F3D4}.Release|Any CPU.Build.0 = Release|Any CPU
		{0B9D128A-B732-4A9F-AAE8-80EA79D6F3D4}.Release|x64.ActiveCfg = Release|Any CPU
		{0B9D128A-B732-4A9F-AAE8-80EA79D6F3D4}.Release|x64.Build.0 = Release|Any CPU
		{0B9D128A-B732-4A9F-AAE8-80EA79D6F3D4}.Release|x86.ActiveCfg = Release|Any CPU
		{0B9D128A-B732-4A9F-AAE8-80EA79D6F3D4}.Release|x86.Build.0 = Release|Any CPU
		{949AECEC-81C0-4B33-B222-7A4EE0DEC5F0}.Debug|Any CPU.ActiveCfg = Debug|Any CPU
		{949AECEC-81C0-4B33-B222-7A4EE0DEC5F0}.Debug|Any CPU.Build.0 = Debug|Any CPU
		{949AECEC-81C0-4B33-B222-7A4EE0DEC5F0}.Debug|x64.ActiveCfg = Debug|Any CPU
		{949AECEC-81C0-4B33-B222-7A4EE0DEC5F0}.Debug|x64.Build.0 = Debug|Any CPU
		{949AECEC-81C0-4B33-B222-7A4EE0DEC5F0}.Debug|x86.ActiveCfg = Debug|Any CPU
		{949AECEC-81C0-4B33-B222-7A4EE0DEC5F0}.Debug|x86.Build.0 = Debug|Any CPU
		{949AECEC-81C0-4B33-B222-7A4EE0DEC5F0}.Release|Any CPU.ActiveCfg = Release|Any CPU
		{949AECEC-81C0-4B33-B222-7A4EE0DEC5F0}.Release|Any CPU.Build.0 = Release|Any CPU
		{949AECEC-81C0-4B33-B222-7A4EE0DEC5F0}.Release|x64.ActiveCfg = Release|Any CPU
		{949AECEC-81C0-4B33-B222-7A4EE0DEC5F0}.Release|x64.Build.0 = Release|Any CPU
		{949AECEC-81C0-4B33-B222-7A4EE0DEC5F0}.Release|x86.ActiveCfg = Release|Any CPU
		{949AECEC-81C0-4B33-B222-7A4EE0DEC5F0}.Release|x86.Build.0 = Release|Any CPU
		{8EB900C5-EACE-4EA1-9575-5435665406D0}.Debug|Any CPU.ActiveCfg = Debug|Any CPU
		{8EB900C5-EACE-4EA1-9575-5435665406D0}.Debug|Any CPU.Build.0 = Debug|Any CPU
		{8EB900C5-EACE-4EA1-9575-5435665406D0}.Debug|x64.ActiveCfg = Debug|Any CPU
		{8EB900C5-EACE-4EA1-9575-5435665406D0}.Debug|x64.Build.0 = Debug|Any CPU
		{8EB900C5-EACE-4EA1-9575-5435665406D0}.Debug|x86.ActiveCfg = Debug|Any CPU
		{8EB900C5-EACE-4EA1-9575-5435665406D0}.Debug|x86.Build.0 = Debug|Any CPU
		{8EB900C5-EACE-4EA1-9575-5435665406D0}.Release|Any CPU.ActiveCfg = Release|Any CPU
		{8EB900C5-EACE-4EA1-9575-5435665406D0}.Release|Any CPU.Build.0 = Release|Any CPU
		{8EB900C5-EACE-4EA1-9575-5435665406D0}.Release|x64.ActiveCfg = Release|Any CPU
		{8EB900C5-EACE-4EA1-9575-5435665406D0}.Release|x64.Build.0 = Release|Any CPU
		{8EB900C5-EACE-4EA1-9575-5435665406D0}.Release|x86.ActiveCfg = Release|Any CPU
		{8EB900C5-EACE-4EA1-9575-5435665406D0}.Release|x86.Build.0 = Release|Any CPU
		{D4A4FE4D-DC0D-4DAD-A06B-4785E8852CB3}.Debug|Any CPU.ActiveCfg = Debug|Any CPU
		{D4A4FE4D-DC0D-4DAD-A06B-4785E8852CB3}.Debug|Any CPU.Build.0 = Debug|Any CPU
		{D4A4FE4D-DC0D-4DAD-A06B-4785E8852CB3}.Debug|x64.ActiveCfg = Debug|Any CPU
		{D4A4FE4D-DC0D-4DAD-A06B-4785E8852CB3}.Debug|x64.Build.0 = Debug|Any CPU
		{D4A4FE4D-DC0D-4DAD-A06B-4785E8852CB3}.Debug|x86.ActiveCfg = Debug|Any CPU
		{D4A4FE4D-DC0D-4DAD-A06B-4785E8852CB3}.Debug|x86.Build.0 = Debug|Any CPU
		{D4A4FE4D-DC0D-4DAD-A06B-4785E8852CB3}.Release|Any CPU.ActiveCfg = Release|Any CPU
		{D4A4FE4D-DC0D-4DAD-A06B-4785E8852CB3}.Release|Any CPU.Build.0 = Release|Any CPU
		{D4A4FE4D-DC0D-4DAD-A06B-4785E8852CB3}.Release|x64.ActiveCfg = Release|Any CPU
		{D4A4FE4D-DC0D-4DAD-A06B-4785E8852CB3}.Release|x64.Build.0 = Release|Any CPU
		{D4A4FE4D-DC0D-4DAD-A06B-4785E8852CB3}.Release|x86.ActiveCfg = Release|Any CPU
		{D4A4FE4D-DC0D-4DAD-A06B-4785E8852CB3}.Release|x86.Build.0 = Release|Any CPU
		{0EA47852-AB85-41CC-9B3A-6833238AF549}.Debug|Any CPU.ActiveCfg = Debug|Any CPU
		{0EA47852-AB85-41CC-9B3A-6833238AF549}.Debug|Any CPU.Build.0 = Debug|Any CPU
		{0EA47852-AB85-41CC-9B3A-6833238AF549}.Debug|x64.ActiveCfg = Debug|Any CPU
		{0EA47852-AB85-41CC-9B3A-6833238AF549}.Debug|x64.Build.0 = Debug|Any CPU
		{0EA47852-AB85-41CC-9B3A-6833238AF549}.Debug|x86.ActiveCfg = Debug|Any CPU
		{0EA47852-AB85-41CC-9B3A-6833238AF549}.Debug|x86.Build.0 = Debug|Any CPU
		{0EA47852-AB85-41CC-9B3A-6833238AF549}.Release|Any CPU.ActiveCfg = Release|Any CPU
		{0EA47852-AB85-41CC-9B3A-6833238AF549}.Release|Any CPU.Build.0 = Release|Any CPU
		{0EA47852-AB85-41CC-9B3A-6833238AF549}.Release|x64.ActiveCfg = Release|Any CPU
		{0EA47852-AB85-41CC-9B3A-6833238AF549}.Release|x64.Build.0 = Release|Any CPU
		{0EA47852-AB85-41CC-9B3A-6833238AF549}.Release|x86.ActiveCfg = Release|Any CPU
		{0EA47852-AB85-41CC-9B3A-6833238AF549}.Release|x86.Build.0 = Release|Any CPU
		{6666D2DB-FF69-4C05-BC89-89FDDF9580E6}.Debug|Any CPU.ActiveCfg = Debug|Any CPU
		{6666D2DB-FF69-4C05-BC89-89FDDF9580E6}.Debug|Any CPU.Build.0 = Debug|Any CPU
		{6666D2DB-FF69-4C05-BC89-89FDDF9580E6}.Debug|x64.ActiveCfg = Debug|Any CPU
		{6666D2DB-FF69-4C05-BC89-89FDDF9580E6}.Debug|x64.Build.0 = Debug|Any CPU
		{6666D2DB-FF69-4C05-BC89-89FDDF9580E6}.Debug|x86.ActiveCfg = Debug|Any CPU
		{6666D2DB-FF69-4C05-BC89-89FDDF9580E6}.Debug|x86.Build.0 = Debug|Any CPU
		{6666D2DB-FF69-4C05-BC89-89FDDF9580E6}.Release|Any CPU.ActiveCfg = Release|Any CPU
		{6666D2DB-FF69-4C05-BC89-89FDDF9580E6}.Release|Any CPU.Build.0 = Release|Any CPU
		{6666D2DB-FF69-4C05-BC89-89FDDF9580E6}.Release|x64.ActiveCfg = Release|Any CPU
		{6666D2DB-FF69-4C05-BC89-89FDDF9580E6}.Release|x64.Build.0 = Release|Any CPU
		{6666D2DB-FF69-4C05-BC89-89FDDF9580E6}.Release|x86.ActiveCfg = Release|Any CPU
		{6666D2DB-FF69-4C05-BC89-89FDDF9580E6}.Release|x86.Build.0 = Release|Any CPU
		{1E839754-4FA2-4270-9888-6819E309FFD5}.Debug|Any CPU.ActiveCfg = Debug|Any CPU
		{1E839754-4FA2-4270-9888-6819E309FFD5}.Debug|Any CPU.Build.0 = Debug|Any CPU
		{1E839754-4FA2-4270-9888-6819E309FFD5}.Debug|x64.ActiveCfg = Debug|Any CPU
		{1E839754-4FA2-4270-9888-6819E309FFD5}.Debug|x64.Build.0 = Debug|Any CPU
		{1E839754-4FA2-4270-9888-6819E309FFD5}.Debug|x86.ActiveCfg = Debug|Any CPU
		{1E839754-4FA2-4270-9888-6819E309FFD5}.Debug|x86.Build.0 = Debug|Any CPU
		{1E839754-4FA2-4270-9888-6819E309FFD5}.Release|Any CPU.ActiveCfg = Release|Any CPU
		{1E839754-4FA2-4270-9888-6819E309FFD5}.Release|Any CPU.Build.0 = Release|Any CPU
		{1E839754-4FA2-4270-9888-6819E309FFD5}.Release|x64.ActiveCfg = Release|Any CPU
		{1E839754-4FA2-4270-9888-6819E309FFD5}.Release|x64.Build.0 = Release|Any CPU
		{1E839754-4FA2-4270-9888-6819E309FFD5}.Release|x86.ActiveCfg = Release|Any CPU
		{1E839754-4FA2-4270-9888-6819E309FFD5}.Release|x86.Build.0 = Release|Any CPU
		{43B01C55-6592-4BE7-A142-90982FC99322}.Debug|Any CPU.ActiveCfg = Debug|Any CPU
		{43B01C55-6592-4BE7-A142-90982FC99322}.Debug|Any CPU.Build.0 = Debug|Any CPU
		{43B01C55-6592-4BE7-A142-90982FC99322}.Debug|x64.ActiveCfg = Debug|Any CPU
		{43B01C55-6592-4BE7-A142-90982FC99322}.Debug|x64.Build.0 = Debug|Any CPU
		{43B01C55-6592-4BE7-A142-90982FC99322}.Debug|x86.ActiveCfg = Debug|Any CPU
		{43B01C55-6592-4BE7-A142-90982FC99322}.Debug|x86.Build.0 = Debug|Any CPU
		{43B01C55-6592-4BE7-A142-90982FC99322}.Release|Any CPU.ActiveCfg = Release|Any CPU
		{43B01C55-6592-4BE7-A142-90982FC99322}.Release|Any CPU.Build.0 = Release|Any CPU
		{43B01C55-6592-4BE7-A142-90982FC99322}.Release|x64.ActiveCfg = Release|Any CPU
		{43B01C55-6592-4BE7-A142-90982FC99322}.Release|x64.Build.0 = Release|Any CPU
		{43B01C55-6592-4BE7-A142-90982FC99322}.Release|x86.ActiveCfg = Release|Any CPU
		{43B01C55-6592-4BE7-A142-90982FC99322}.Release|x86.Build.0 = Release|Any CPU
		{84C40DF0-44C3-4FC7-B09E-203A9C2105BA}.Debug|Any CPU.ActiveCfg = Debug|Any CPU
		{84C40DF0-44C3-4FC7-B09E-203A9C2105BA}.Debug|Any CPU.Build.0 = Debug|Any CPU
		{84C40DF0-44C3-4FC7-B09E-203A9C2105BA}.Debug|x64.ActiveCfg = Debug|Any CPU
		{84C40DF0-44C3-4FC7-B09E-203A9C2105BA}.Debug|x64.Build.0 = Debug|Any CPU
		{84C40DF0-44C3-4FC7-B09E-203A9C2105BA}.Debug|x86.ActiveCfg = Debug|Any CPU
		{84C40DF0-44C3-4FC7-B09E-203A9C2105BA}.Debug|x86.Build.0 = Debug|Any CPU
		{84C40DF0-44C3-4FC7-B09E-203A9C2105BA}.Release|Any CPU.ActiveCfg = Release|Any CPU
		{84C40DF0-44C3-4FC7-B09E-203A9C2105BA}.Release|Any CPU.Build.0 = Release|Any CPU
		{84C40DF0-44C3-4FC7-B09E-203A9C2105BA}.Release|x64.ActiveCfg = Release|Any CPU
		{84C40DF0-44C3-4FC7-B09E-203A9C2105BA}.Release|x64.Build.0 = Release|Any CPU
		{84C40DF0-44C3-4FC7-B09E-203A9C2105BA}.Release|x86.ActiveCfg = Release|Any CPU
		{84C40DF0-44C3-4FC7-B09E-203A9C2105BA}.Release|x86.Build.0 = Release|Any CPU
		{ACCF2D97-375F-48D7-9CE9-E866A25C06AF}.Debug|Any CPU.ActiveCfg = Debug|Any CPU
		{ACCF2D97-375F-48D7-9CE9-E866A25C06AF}.Debug|Any CPU.Build.0 = Debug|Any CPU
		{ACCF2D97-375F-48D7-9CE9-E866A25C06AF}.Debug|x64.ActiveCfg = Debug|Any CPU
		{ACCF2D97-375F-48D7-9CE9-E866A25C06AF}.Debug|x64.Build.0 = Debug|Any CPU
		{ACCF2D97-375F-48D7-9CE9-E866A25C06AF}.Debug|x86.ActiveCfg = Debug|Any CPU
		{ACCF2D97-375F-48D7-9CE9-E866A25C06AF}.Debug|x86.Build.0 = Debug|Any CPU
		{ACCF2D97-375F-48D7-9CE9-E866A25C06AF}.Release|Any CPU.ActiveCfg = Release|Any CPU
		{ACCF2D97-375F-48D7-9CE9-E866A25C06AF}.Release|Any CPU.Build.0 = Release|Any CPU
		{ACCF2D97-375F-48D7-9CE9-E866A25C06AF}.Release|x64.ActiveCfg = Release|Any CPU
		{ACCF2D97-375F-48D7-9CE9-E866A25C06AF}.Release|x64.Build.0 = Release|Any CPU
		{ACCF2D97-375F-48D7-9CE9-E866A25C06AF}.Release|x86.ActiveCfg = Release|Any CPU
		{ACCF2D97-375F-48D7-9CE9-E866A25C06AF}.Release|x86.Build.0 = Release|Any CPU
		{1BF58A7C-69CF-4105-BCF6-01DF6137DA38}.Debug|Any CPU.ActiveCfg = Debug|Any CPU
		{1BF58A7C-69CF-4105-BCF6-01DF6137DA38}.Debug|Any CPU.Build.0 = Debug|Any CPU
		{1BF58A7C-69CF-4105-BCF6-01DF6137DA38}.Debug|x64.ActiveCfg = Debug|Any CPU
		{1BF58A7C-69CF-4105-BCF6-01DF6137DA38}.Debug|x64.Build.0 = Debug|Any CPU
		{1BF58A7C-69CF-4105-BCF6-01DF6137DA38}.Debug|x86.ActiveCfg = Debug|Any CPU
		{1BF58A7C-69CF-4105-BCF6-01DF6137DA38}.Debug|x86.Build.0 = Debug|Any CPU
		{1BF58A7C-69CF-4105-BCF6-01DF6137DA38}.Release|Any CPU.ActiveCfg = Release|Any CPU
		{1BF58A7C-69CF-4105-BCF6-01DF6137DA38}.Release|Any CPU.Build.0 = Release|Any CPU
		{1BF58A7C-69CF-4105-BCF6-01DF6137DA38}.Release|x64.ActiveCfg = Release|Any CPU
		{1BF58A7C-69CF-4105-BCF6-01DF6137DA38}.Release|x64.Build.0 = Release|Any CPU
		{1BF58A7C-69CF-4105-BCF6-01DF6137DA38}.Release|x86.ActiveCfg = Release|Any CPU
		{1BF58A7C-69CF-4105-BCF6-01DF6137DA38}.Release|x86.Build.0 = Release|Any CPU
		{04C27EB8-126F-4A05-BD91-70485BC9E994}.Debug|Any CPU.ActiveCfg = Debug|Any CPU
		{04C27EB8-126F-4A05-BD91-70485BC9E994}.Debug|Any CPU.Build.0 = Debug|Any CPU
		{04C27EB8-126F-4A05-BD91-70485BC9E994}.Debug|x64.ActiveCfg = Debug|Any CPU
		{04C27EB8-126F-4A05-BD91-70485BC9E994}.Debug|x64.Build.0 = Debug|Any CPU
		{04C27EB8-126F-4A05-BD91-70485BC9E994}.Debug|x86.ActiveCfg = Debug|Any CPU
		{04C27EB8-126F-4A05-BD91-70485BC9E994}.Debug|x86.Build.0 = Debug|Any CPU
		{04C27EB8-126F-4A05-BD91-70485BC9E994}.Release|Any CPU.ActiveCfg = Release|Any CPU
		{04C27EB8-126F-4A05-BD91-70485BC9E994}.Release|Any CPU.Build.0 = Release|Any CPU
		{04C27EB8-126F-4A05-BD91-70485BC9E994}.Release|x64.ActiveCfg = Release|Any CPU
		{04C27EB8-126F-4A05-BD91-70485BC9E994}.Release|x64.Build.0 = Release|Any CPU
		{04C27EB8-126F-4A05-BD91-70485BC9E994}.Release|x86.ActiveCfg = Release|Any CPU
		{04C27EB8-126F-4A05-BD91-70485BC9E994}.Release|x86.Build.0 = Release|Any CPU
		{FF924E77-155F-413C-AB46-C0F6EA96B69D}.Debug|Any CPU.ActiveCfg = Debug|Any CPU
		{FF924E77-155F-413C-AB46-C0F6EA96B69D}.Debug|Any CPU.Build.0 = Debug|Any CPU
		{FF924E77-155F-413C-AB46-C0F6EA96B69D}.Debug|x64.ActiveCfg = Debug|Any CPU
		{FF924E77-155F-413C-AB46-C0F6EA96B69D}.Debug|x64.Build.0 = Debug|Any CPU
		{FF924E77-155F-413C-AB46-C0F6EA96B69D}.Debug|x86.ActiveCfg = Debug|Any CPU
		{FF924E77-155F-413C-AB46-C0F6EA96B69D}.Debug|x86.Build.0 = Debug|Any CPU
		{FF924E77-155F-413C-AB46-C0F6EA96B69D}.Release|Any CPU.ActiveCfg = Release|Any CPU
		{FF924E77-155F-413C-AB46-C0F6EA96B69D}.Release|Any CPU.Build.0 = Release|Any CPU
		{FF924E77-155F-413C-AB46-C0F6EA96B69D}.Release|x64.ActiveCfg = Release|Any CPU
		{FF924E77-155F-413C-AB46-C0F6EA96B69D}.Release|x64.Build.0 = Release|Any CPU
		{FF924E77-155F-413C-AB46-C0F6EA96B69D}.Release|x86.ActiveCfg = Release|Any CPU
		{FF924E77-155F-413C-AB46-C0F6EA96B69D}.Release|x86.Build.0 = Release|Any CPU
		{EC24C204-ABF3-464F-B3FD-7A69D7E76E3C}.Debug|Any CPU.ActiveCfg = Debug|Any CPU
		{EC24C204-ABF3-464F-B3FD-7A69D7E76E3C}.Debug|Any CPU.Build.0 = Debug|Any CPU
		{EC24C204-ABF3-464F-B3FD-7A69D7E76E3C}.Debug|x64.ActiveCfg = Debug|Any CPU
		{EC24C204-ABF3-464F-B3FD-7A69D7E76E3C}.Debug|x64.Build.0 = Debug|Any CPU
		{EC24C204-ABF3-464F-B3FD-7A69D7E76E3C}.Debug|x86.ActiveCfg = Debug|Any CPU
		{EC24C204-ABF3-464F-B3FD-7A69D7E76E3C}.Debug|x86.Build.0 = Debug|Any CPU
		{EC24C204-ABF3-464F-B3FD-7A69D7E76E3C}.Release|Any CPU.ActiveCfg = Release|Any CPU
		{EC24C204-ABF3-464F-B3FD-7A69D7E76E3C}.Release|Any CPU.Build.0 = Release|Any CPU
		{EC24C204-ABF3-464F-B3FD-7A69D7E76E3C}.Release|x64.ActiveCfg = Release|Any CPU
		{EC24C204-ABF3-464F-B3FD-7A69D7E76E3C}.Release|x64.Build.0 = Release|Any CPU
		{EC24C204-ABF3-464F-B3FD-7A69D7E76E3C}.Release|x86.ActiveCfg = Release|Any CPU
		{EC24C204-ABF3-464F-B3FD-7A69D7E76E3C}.Release|x86.Build.0 = Release|Any CPU
		{79C695FA-3EFA-46E0-BEFD-AD891B80A60C}.Debug|Any CPU.ActiveCfg = Debug|Any CPU
		{79C695FA-3EFA-46E0-BEFD-AD891B80A60C}.Debug|Any CPU.Build.0 = Debug|Any CPU
		{79C695FA-3EFA-46E0-BEFD-AD891B80A60C}.Debug|x64.ActiveCfg = Debug|Any CPU
		{79C695FA-3EFA-46E0-BEFD-AD891B80A60C}.Debug|x64.Build.0 = Debug|Any CPU
		{79C695FA-3EFA-46E0-BEFD-AD891B80A60C}.Debug|x86.ActiveCfg = Debug|Any CPU
		{79C695FA-3EFA-46E0-BEFD-AD891B80A60C}.Debug|x86.Build.0 = Debug|Any CPU
		{79C695FA-3EFA-46E0-BEFD-AD891B80A60C}.Release|Any CPU.ActiveCfg = Release|Any CPU
		{79C695FA-3EFA-46E0-BEFD-AD891B80A60C}.Release|Any CPU.Build.0 = Release|Any CPU
		{79C695FA-3EFA-46E0-BEFD-AD891B80A60C}.Release|x64.ActiveCfg = Release|Any CPU
		{79C695FA-3EFA-46E0-BEFD-AD891B80A60C}.Release|x64.Build.0 = Release|Any CPU
		{79C695FA-3EFA-46E0-BEFD-AD891B80A60C}.Release|x86.ActiveCfg = Release|Any CPU
		{79C695FA-3EFA-46E0-BEFD-AD891B80A60C}.Release|x86.Build.0 = Release|Any CPU
		{D58DC947-AF85-43C3-A768-66306DD74D51}.Debug|Any CPU.ActiveCfg = Debug|Any CPU
		{D58DC947-AF85-43C3-A768-66306DD74D51}.Debug|Any CPU.Build.0 = Debug|Any CPU
		{D58DC947-AF85-43C3-A768-66306DD74D51}.Debug|x64.ActiveCfg = Debug|Any CPU
		{D58DC947-AF85-43C3-A768-66306DD74D51}.Debug|x64.Build.0 = Debug|Any CPU
		{D58DC947-AF85-43C3-A768-66306DD74D51}.Debug|x86.ActiveCfg = Debug|Any CPU
		{D58DC947-AF85-43C3-A768-66306DD74D51}.Debug|x86.Build.0 = Debug|Any CPU
		{D58DC947-AF85-43C3-A768-66306DD74D51}.Release|Any CPU.ActiveCfg = Release|Any CPU
		{D58DC947-AF85-43C3-A768-66306DD74D51}.Release|Any CPU.Build.0 = Release|Any CPU
		{D58DC947-AF85-43C3-A768-66306DD74D51}.Release|x64.ActiveCfg = Release|Any CPU
		{D58DC947-AF85-43C3-A768-66306DD74D51}.Release|x64.Build.0 = Release|Any CPU
		{D58DC947-AF85-43C3-A768-66306DD74D51}.Release|x86.ActiveCfg = Release|Any CPU
		{D58DC947-AF85-43C3-A768-66306DD74D51}.Release|x86.Build.0 = Release|Any CPU
		{9EA75E33-065E-4491-A557-BEE855324B80}.Debug|Any CPU.ActiveCfg = Debug|Any CPU
		{9EA75E33-065E-4491-A557-BEE855324B80}.Debug|Any CPU.Build.0 = Debug|Any CPU
		{9EA75E33-065E-4491-A557-BEE855324B80}.Debug|x64.ActiveCfg = Debug|Any CPU
		{9EA75E33-065E-4491-A557-BEE855324B80}.Debug|x64.Build.0 = Debug|Any CPU
		{9EA75E33-065E-4491-A557-BEE855324B80}.Debug|x86.ActiveCfg = Debug|Any CPU
		{9EA75E33-065E-4491-A557-BEE855324B80}.Debug|x86.Build.0 = Debug|Any CPU
		{9EA75E33-065E-4491-A557-BEE855324B80}.Release|Any CPU.ActiveCfg = Release|Any CPU
		{9EA75E33-065E-4491-A557-BEE855324B80}.Release|Any CPU.Build.0 = Release|Any CPU
		{9EA75E33-065E-4491-A557-BEE855324B80}.Release|x64.ActiveCfg = Release|Any CPU
		{9EA75E33-065E-4491-A557-BEE855324B80}.Release|x64.Build.0 = Release|Any CPU
		{9EA75E33-065E-4491-A557-BEE855324B80}.Release|x86.ActiveCfg = Release|Any CPU
		{9EA75E33-065E-4491-A557-BEE855324B80}.Release|x86.Build.0 = Release|Any CPU
		{9DC045EC-5971-4C87-A552-CD15ED45D37D}.Debug|Any CPU.ActiveCfg = Debug|Any CPU
		{9DC045EC-5971-4C87-A552-CD15ED45D37D}.Debug|Any CPU.Build.0 = Debug|Any CPU
		{9DC045EC-5971-4C87-A552-CD15ED45D37D}.Debug|x64.ActiveCfg = Debug|Any CPU
		{9DC045EC-5971-4C87-A552-CD15ED45D37D}.Debug|x64.Build.0 = Debug|Any CPU
		{9DC045EC-5971-4C87-A552-CD15ED45D37D}.Debug|x86.ActiveCfg = Debug|Any CPU
		{9DC045EC-5971-4C87-A552-CD15ED45D37D}.Debug|x86.Build.0 = Debug|Any CPU
		{9DC045EC-5971-4C87-A552-CD15ED45D37D}.Release|Any CPU.ActiveCfg = Release|Any CPU
		{9DC045EC-5971-4C87-A552-CD15ED45D37D}.Release|Any CPU.Build.0 = Release|Any CPU
		{9DC045EC-5971-4C87-A552-CD15ED45D37D}.Release|x64.ActiveCfg = Release|Any CPU
		{9DC045EC-5971-4C87-A552-CD15ED45D37D}.Release|x64.Build.0 = Release|Any CPU
		{9DC045EC-5971-4C87-A552-CD15ED45D37D}.Release|x86.ActiveCfg = Release|Any CPU
		{9DC045EC-5971-4C87-A552-CD15ED45D37D}.Release|x86.Build.0 = Release|Any CPU
		{143631EA-F44D-409A-8282-4E34B137A75E}.Debug|Any CPU.ActiveCfg = Debug|Any CPU
		{143631EA-F44D-409A-8282-4E34B137A75E}.Debug|Any CPU.Build.0 = Debug|Any CPU
		{143631EA-F44D-409A-8282-4E34B137A75E}.Debug|x64.ActiveCfg = Debug|Any CPU
		{143631EA-F44D-409A-8282-4E34B137A75E}.Debug|x64.Build.0 = Debug|Any CPU
		{143631EA-F44D-409A-8282-4E34B137A75E}.Debug|x86.ActiveCfg = Debug|Any CPU
		{143631EA-F44D-409A-8282-4E34B137A75E}.Debug|x86.Build.0 = Debug|Any CPU
		{143631EA-F44D-409A-8282-4E34B137A75E}.Release|Any CPU.ActiveCfg = Release|Any CPU
		{143631EA-F44D-409A-8282-4E34B137A75E}.Release|Any CPU.Build.0 = Release|Any CPU
		{143631EA-F44D-409A-8282-4E34B137A75E}.Release|x64.ActiveCfg = Release|Any CPU
		{143631EA-F44D-409A-8282-4E34B137A75E}.Release|x64.Build.0 = Release|Any CPU
		{143631EA-F44D-409A-8282-4E34B137A75E}.Release|x86.ActiveCfg = Release|Any CPU
		{143631EA-F44D-409A-8282-4E34B137A75E}.Release|x86.Build.0 = Release|Any CPU
		{2DB710A4-C363-4642-96CA-8DB641117AA2}.Debug|Any CPU.ActiveCfg = Debug|Any CPU
		{2DB710A4-C363-4642-96CA-8DB641117AA2}.Debug|Any CPU.Build.0 = Debug|Any CPU
		{2DB710A4-C363-4642-96CA-8DB641117AA2}.Debug|x64.ActiveCfg = Debug|Any CPU
		{2DB710A4-C363-4642-96CA-8DB641117AA2}.Debug|x64.Build.0 = Debug|Any CPU
		{2DB710A4-C363-4642-96CA-8DB641117AA2}.Debug|x86.ActiveCfg = Debug|Any CPU
		{2DB710A4-C363-4642-96CA-8DB641117AA2}.Debug|x86.Build.0 = Debug|Any CPU
		{2DB710A4-C363-4642-96CA-8DB641117AA2}.Release|Any CPU.ActiveCfg = Release|Any CPU
		{2DB710A4-C363-4642-96CA-8DB641117AA2}.Release|Any CPU.Build.0 = Release|Any CPU
		{2DB710A4-C363-4642-96CA-8DB641117AA2}.Release|x64.ActiveCfg = Release|Any CPU
		{2DB710A4-C363-4642-96CA-8DB641117AA2}.Release|x64.Build.0 = Release|Any CPU
		{2DB710A4-C363-4642-96CA-8DB641117AA2}.Release|x86.ActiveCfg = Release|Any CPU
		{2DB710A4-C363-4642-96CA-8DB641117AA2}.Release|x86.Build.0 = Release|Any CPU
		{CBE10820-C603-4F29-A47E-E78FE24D04BD}.Debug|Any CPU.ActiveCfg = Debug|Any CPU
		{CBE10820-C603-4F29-A47E-E78FE24D04BD}.Debug|Any CPU.Build.0 = Debug|Any CPU
		{CBE10820-C603-4F29-A47E-E78FE24D04BD}.Debug|x64.ActiveCfg = Debug|Any CPU
		{CBE10820-C603-4F29-A47E-E78FE24D04BD}.Debug|x64.Build.0 = Debug|Any CPU
		{CBE10820-C603-4F29-A47E-E78FE24D04BD}.Debug|x86.ActiveCfg = Debug|Any CPU
		{CBE10820-C603-4F29-A47E-E78FE24D04BD}.Debug|x86.Build.0 = Debug|Any CPU
		{CBE10820-C603-4F29-A47E-E78FE24D04BD}.Release|Any CPU.ActiveCfg = Release|Any CPU
		{CBE10820-C603-4F29-A47E-E78FE24D04BD}.Release|Any CPU.Build.0 = Release|Any CPU
		{CBE10820-C603-4F29-A47E-E78FE24D04BD}.Release|x64.ActiveCfg = Release|Any CPU
		{CBE10820-C603-4F29-A47E-E78FE24D04BD}.Release|x64.Build.0 = Release|Any CPU
		{CBE10820-C603-4F29-A47E-E78FE24D04BD}.Release|x86.ActiveCfg = Release|Any CPU
		{CBE10820-C603-4F29-A47E-E78FE24D04BD}.Release|x86.Build.0 = Release|Any CPU
		{CDA1C040-5A06-4B89-8EF5-4DCA79F4C7C4}.Debug|Any CPU.ActiveCfg = Debug|Any CPU
		{CDA1C040-5A06-4B89-8EF5-4DCA79F4C7C4}.Debug|Any CPU.Build.0 = Debug|Any CPU
		{CDA1C040-5A06-4B89-8EF5-4DCA79F4C7C4}.Debug|x64.ActiveCfg = Debug|Any CPU
		{CDA1C040-5A06-4B89-8EF5-4DCA79F4C7C4}.Debug|x64.Build.0 = Debug|Any CPU
		{CDA1C040-5A06-4B89-8EF5-4DCA79F4C7C4}.Debug|x86.ActiveCfg = Debug|Any CPU
		{CDA1C040-5A06-4B89-8EF5-4DCA79F4C7C4}.Debug|x86.Build.0 = Debug|Any CPU
		{CDA1C040-5A06-4B89-8EF5-4DCA79F4C7C4}.Release|Any CPU.ActiveCfg = Release|Any CPU
		{CDA1C040-5A06-4B89-8EF5-4DCA79F4C7C4}.Release|Any CPU.Build.0 = Release|Any CPU
		{CDA1C040-5A06-4B89-8EF5-4DCA79F4C7C4}.Release|x64.ActiveCfg = Release|Any CPU
		{CDA1C040-5A06-4B89-8EF5-4DCA79F4C7C4}.Release|x64.Build.0 = Release|Any CPU
		{CDA1C040-5A06-4B89-8EF5-4DCA79F4C7C4}.Release|x86.ActiveCfg = Release|Any CPU
		{CDA1C040-5A06-4B89-8EF5-4DCA79F4C7C4}.Release|x86.Build.0 = Release|Any CPU
		{B2CBB9F1-6FD6-4E83-8161-CF02BD8B1D08}.Debug|Any CPU.ActiveCfg = Debug|Any CPU
		{B2CBB9F1-6FD6-4E83-8161-CF02BD8B1D08}.Debug|Any CPU.Build.0 = Debug|Any CPU
		{B2CBB9F1-6FD6-4E83-8161-CF02BD8B1D08}.Debug|x64.ActiveCfg = Debug|Any CPU
		{B2CBB9F1-6FD6-4E83-8161-CF02BD8B1D08}.Debug|x64.Build.0 = Debug|Any CPU
		{B2CBB9F1-6FD6-4E83-8161-CF02BD8B1D08}.Debug|x86.ActiveCfg = Debug|Any CPU
		{B2CBB9F1-6FD6-4E83-8161-CF02BD8B1D08}.Debug|x86.Build.0 = Debug|Any CPU
		{B2CBB9F1-6FD6-4E83-8161-CF02BD8B1D08}.Release|Any CPU.ActiveCfg = Release|Any CPU
		{B2CBB9F1-6FD6-4E83-8161-CF02BD8B1D08}.Release|Any CPU.Build.0 = Release|Any CPU
		{B2CBB9F1-6FD6-4E83-8161-CF02BD8B1D08}.Release|x64.ActiveCfg = Release|Any CPU
		{B2CBB9F1-6FD6-4E83-8161-CF02BD8B1D08}.Release|x64.Build.0 = Release|Any CPU
		{B2CBB9F1-6FD6-4E83-8161-CF02BD8B1D08}.Release|x86.ActiveCfg = Release|Any CPU
		{B2CBB9F1-6FD6-4E83-8161-CF02BD8B1D08}.Release|x86.Build.0 = Release|Any CPU
		{B04C9659-33B0-4B9E-A300-80924D46CE0C}.Debug|Any CPU.ActiveCfg = Debug|Any CPU
		{B04C9659-33B0-4B9E-A300-80924D46CE0C}.Debug|Any CPU.Build.0 = Debug|Any CPU
		{B04C9659-33B0-4B9E-A300-80924D46CE0C}.Debug|x64.ActiveCfg = Debug|Any CPU
		{B04C9659-33B0-4B9E-A300-80924D46CE0C}.Debug|x64.Build.0 = Debug|Any CPU
		{B04C9659-33B0-4B9E-A300-80924D46CE0C}.Debug|x86.ActiveCfg = Debug|Any CPU
		{B04C9659-33B0-4B9E-A300-80924D46CE0C}.Debug|x86.Build.0 = Debug|Any CPU
		{B04C9659-33B0-4B9E-A300-80924D46CE0C}.Release|Any CPU.ActiveCfg = Release|Any CPU
		{B04C9659-33B0-4B9E-A300-80924D46CE0C}.Release|Any CPU.Build.0 = Release|Any CPU
		{B04C9659-33B0-4B9E-A300-80924D46CE0C}.Release|x64.ActiveCfg = Release|Any CPU
		{B04C9659-33B0-4B9E-A300-80924D46CE0C}.Release|x64.Build.0 = Release|Any CPU
		{B04C9659-33B0-4B9E-A300-80924D46CE0C}.Release|x86.ActiveCfg = Release|Any CPU
		{B04C9659-33B0-4B9E-A300-80924D46CE0C}.Release|x86.Build.0 = Release|Any CPU
		{EB0909B2-EFA6-4955-9890-13C0CB88964F}.Debug|Any CPU.ActiveCfg = Debug|Any CPU
		{EB0909B2-EFA6-4955-9890-13C0CB88964F}.Debug|Any CPU.Build.0 = Debug|Any CPU
		{EB0909B2-EFA6-4955-9890-13C0CB88964F}.Debug|x64.ActiveCfg = Debug|Any CPU
		{EB0909B2-EFA6-4955-9890-13C0CB88964F}.Debug|x64.Build.0 = Debug|Any CPU
		{EB0909B2-EFA6-4955-9890-13C0CB88964F}.Debug|x86.ActiveCfg = Debug|Any CPU
		{EB0909B2-EFA6-4955-9890-13C0CB88964F}.Debug|x86.Build.0 = Debug|Any CPU
		{EB0909B2-EFA6-4955-9890-13C0CB88964F}.Release|Any CPU.ActiveCfg = Release|Any CPU
		{EB0909B2-EFA6-4955-9890-13C0CB88964F}.Release|Any CPU.Build.0 = Release|Any CPU
		{EB0909B2-EFA6-4955-9890-13C0CB88964F}.Release|x64.ActiveCfg = Release|Any CPU
		{EB0909B2-EFA6-4955-9890-13C0CB88964F}.Release|x64.Build.0 = Release|Any CPU
		{EB0909B2-EFA6-4955-9890-13C0CB88964F}.Release|x86.ActiveCfg = Release|Any CPU
		{EB0909B2-EFA6-4955-9890-13C0CB88964F}.Release|x86.Build.0 = Release|Any CPU
		{0F6779C5-C3FB-4A87-8251-4B638B305925}.Debug|Any CPU.ActiveCfg = Debug|Any CPU
		{0F6779C5-C3FB-4A87-8251-4B638B305925}.Debug|Any CPU.Build.0 = Debug|Any CPU
		{0F6779C5-C3FB-4A87-8251-4B638B305925}.Debug|x64.ActiveCfg = Debug|Any CPU
		{0F6779C5-C3FB-4A87-8251-4B638B305925}.Debug|x64.Build.0 = Debug|Any CPU
		{0F6779C5-C3FB-4A87-8251-4B638B305925}.Debug|x86.ActiveCfg = Debug|Any CPU
		{0F6779C5-C3FB-4A87-8251-4B638B305925}.Debug|x86.Build.0 = Debug|Any CPU
		{0F6779C5-C3FB-4A87-8251-4B638B305925}.Release|Any CPU.ActiveCfg = Release|Any CPU
		{0F6779C5-C3FB-4A87-8251-4B638B305925}.Release|Any CPU.Build.0 = Release|Any CPU
		{0F6779C5-C3FB-4A87-8251-4B638B305925}.Release|x64.ActiveCfg = Release|Any CPU
		{0F6779C5-C3FB-4A87-8251-4B638B305925}.Release|x64.Build.0 = Release|Any CPU
		{0F6779C5-C3FB-4A87-8251-4B638B305925}.Release|x86.ActiveCfg = Release|Any CPU
		{0F6779C5-C3FB-4A87-8251-4B638B305925}.Release|x86.Build.0 = Release|Any CPU
	EndGlobalSection
	GlobalSection(SolutionProperties) = preSolution
		HideSolutionNode = FALSE
	EndGlobalSection
	GlobalSection(ExtensibilityGlobals) = postSolution
		SolutionGuid = {E11097EB-57CE-4E83-93D5-C55C66748F02}
	EndGlobalSection
EndGlobal
